
Microsoft Visual Studio Solution File, Format Version 12.00
# Visual Studio Version 17
VisualStudioVersion = 17.7.34024.191
MinimumVisualStudioVersion = 10.0.40219.1
Project("{FAE04EC0-301F-11D3-BF4B-00C04F79EFBC}") = "JWTInventario", "JWTInventario\JWTInventario.csproj", "{AB46BDC7-2E8F-4B74-9C2E-19889D2C3BB4}"
EndProject
Global
	GlobalSection(SolutionConfigurationPlatforms) = preSolution
		Debug|Any CPU = Debug|Any CPU
		Release|Any CPU = Release|Any CPU
	EndGlobalSection
	GlobalSection(ProjectConfigurationPlatforms) = postSolution
		{AB46BDC7-2E8F-4B74-9C2E-19889D2C3BB4}.Debug|Any CPU.ActiveCfg = Debug|Any CPU
		{AB46BDC7-2E8F-4B74-9C2E-19889D2C3BB4}.Debug|Any CPU.Build.0 = Debug|Any CPU
		{AB46BDC7-2E8F-4B74-9C2E-19889D2C3BB4}.Release|Any CPU.ActiveCfg = Release|Any CPU
		{AB46BDC7-2E8F-4B74-9C2E-19889D2C3BB4}.Release|Any CPU.Build.0 = Release|Any CPU
	EndGlobalSection
	GlobalSection(SolutionProperties) = preSolution
		HideSolutionNode = FALSE
	EndGlobalSection
	GlobalSection(ExtensibilityGlobals) = postSolution
		SolutionGuid = {4F301BD1-EA04-4559-A82C-C46DFB4DAC32}
	EndGlobalSection
EndGlobal
